
Microsoft Visual Studio Solution File, Format Version 12.00
# Visual Studio 2013
VisualStudioVersion = 12.0.40629.0
MinimumVisualStudioVersion = 10.0.40219.1
Project("{FAE04EC0-301F-11D3-BF4B-00C04F79EFBC}") = "chome", "chome\chome.csproj", "{D0290F9D-0197-4AAE-A650-8AED762785AC}"
EndProject
Project("{FAE04EC0-301F-11D3-BF4B-00C04F79EFBC}") = "chome.database", "chome.database\chome.database.csproj", "{31B349D8-FC3A-4F1F-B71A-754A44FB86D3}"
EndProject
Global
	GlobalSection(SolutionConfigurationPlatforms) = preSolution
		Debug|Any CPU = Debug|Any CPU
		Release|Any CPU = Release|Any CPU
	EndGlobalSection
	GlobalSection(ProjectConfigurationPlatforms) = postSolution
		{D0290F9D-0197-4AAE-A650-8AED762785AC}.Debug|Any CPU.ActiveCfg = Debug|Any CPU
		{D0290F9D-0197-4AAE-A650-8AED762785AC}.Debug|Any CPU.Build.0 = Debug|Any CPU
		{D0290F9D-0197-4AAE-A650-8AED762785AC}.Release|Any CPU.ActiveCfg = Release|Any CPU
		{D0290F9D-0197-4AAE-A650-8AED762785AC}.Release|Any CPU.Build.0 = Release|Any CPU
		{31B349D8-FC3A-4F1F-B71A-754A44FB86D3}.Debug|Any CPU.ActiveCfg = Debug|Any CPU
		{31B349D8-FC3A-4F1F-B71A-754A44FB86D3}.Debug|Any CPU.Build.0 = Debug|Any CPU
		{31B349D8-FC3A-4F1F-B71A-754A44FB86D3}.Release|Any CPU.ActiveCfg = Release|Any CPU
		{31B349D8-FC3A-4F1F-B71A-754A44FB86D3}.Release|Any CPU.Build.0 = Release|Any CPU
	EndGlobalSection
	GlobalSection(SolutionProperties) = preSolution
		HideSolutionNode = FALSE
	EndGlobalSection
EndGlobal
